// !$*UTF8*$!
{
	archiveVersion = 1;
	classes = {
	};
	objectVersion = 46;
	objects = {

/* Begin PBXBuildFile section */
		63A71E3E1AF4AA030016CE58 /* AppDelegate.swift in Sources */ = {isa = PBXBuildFile; fileRef = 63A71E3D1AF4AA030016CE58 /* AppDelegate.swift */; };
		63A71E401AF4AA030016CE58 /* ViewController.swift in Sources */ = {isa = PBXBuildFile; fileRef = 63A71E3F1AF4AA030016CE58 /* ViewController.swift */; };
		63A71E431AF4AA030016CE58 /* Main.storyboard in Resources */ = {isa = PBXBuildFile; fileRef = 63A71E411AF4AA030016CE58 /* Main.storyboard */; };
		63A71E451AF4AA030016CE58 /* Images.xcassets in Resources */ = {isa = PBXBuildFile; fileRef = 63A71E441AF4AA030016CE58 /* Images.xcassets */; };
		63A71E481AF4AA030016CE58 /* LaunchScreen.xib in Resources */ = {isa = PBXBuildFile; fileRef = 63A71E461AF4AA030016CE58 /* LaunchScreen.xib */; };
		63A71E541AF4AA030016CE58 /* HomeworkTests.swift in Sources */ = {isa = PBXBuildFile; fileRef = 63A71E531AF4AA030016CE58 /* HomeworkTests.swift */; };
/* End PBXBuildFile section */

/* Begin PBXContainerItemProxy section */
		63A71E4E1AF4AA030016CE58 /* PBXContainerItemProxy */ = {
			isa = PBXContainerItemProxy;
			containerPortal = 63A71E301AF4AA030016CE58 /* Project object */;
			proxyType = 1;
			remoteGlobalIDString = 63A71E371AF4AA030016CE58;
			remoteInfo = Homework;
		};
/* End PBXContainerItemProxy section */

/* Begin PBXFileReference section */
		63A71E381AF4AA030016CE58 /* Homework.app */ = {isa = PBXFileReference; explicitFileType = wrapper.application; includeInIndex = 0; path = Homework.app; sourceTree = BUILT_PRODUCTS_DIR; };
		63A71E3C1AF4AA030016CE58 /* Info.plist */ = {isa = PBXFileReference; lastKnownFileType = text.plist.xml; path = Info.plist; sourceTree = "<group>"; };
		63A71E3D1AF4AA030016CE58 /* AppDelegate.swift */ = {isa = PBXFileReference; lastKnownFileType = sourcecode.swift; path = AppDelegate.swift; sourceTree = "<group>"; };
		63A71E3F1AF4AA030016CE58 /* ViewController.swift */ = {isa = PBXFileReference; lastKnownFileType = sourcecode.swift; path = ViewController.swift; sourceTree = "<group>"; };
		63A71E421AF4AA030016CE58 /* Base */ = {isa = PBXFileReference; lastKnownFileType = file.storyboard; name = Base; path = Base.lproj/Main.storyboard; sourceTree = "<group>"; };
		63A71E441AF4AA030016CE58 /* Images.xcassets */ = {isa = PBXFileReference; lastKnownFileType = folder.assetcatalog; path = Images.xcassets; sourceTree = "<group>"; };
		63A71E471AF4AA030016CE58 /* Base */ = {isa = PBXFileReference; lastKnownFileType = file.xib; name = Base; path = Base.lproj/LaunchScreen.xib; sourceTree = "<group>"; };
		63A71E4D1AF4AA030016CE58 /* HomeworkTests.xctest */ = {isa = PBXFileReference; explicitFileType = wrapper.cfbundle; includeInIndex = 0; path = HomeworkTests.xctest; sourceTree = BUILT_PRODUCTS_DIR; };
		63A71E521AF4AA030016CE58 /* Info.plist */ = {isa = PBXFileReference; lastKnownFileType = text.plist.xml; path = Info.plist; sourceTree = "<group>"; };
		63A71E531AF4AA030016CE58 /* HomeworkTests.swift */ = {isa = PBXFileReference; lastKnownFileType = sourcecode.swift; path = HomeworkTests.swift; sourceTree = "<group>"; };
/* End PBXFileReference section */

/* Begin PBXFrameworksBuildPhase section */
		63A71E351AF4AA030016CE58 /* Frameworks */ = {
			isa = PBXFrameworksBuildPhase;
			buildActionMask = 2147483647;
			files = (
			);
			runOnlyForDeploymentPostprocessing = 0;
		};
		63A71E4A1AF4AA030016CE58 /* Frameworks */ = {
			isa = PBXFrameworksBuildPhase;
			buildActionMask = 2147483647;
			files = (
			);
			runOnlyForDeploymentPostprocessing = 0;
		};
/* End PBXFrameworksBuildPhase section */

/* Begin PBXGroup section */
		63A71E2F1AF4AA030016CE58 = {
			isa = PBXGroup;
			children = (
				63A71E3A1AF4AA030016CE58 /* Homework */,
				63A71E501AF4AA030016CE58 /* HomeworkTests */,
				63A71E391AF4AA030016CE58 /* Products */,
			);
			sourceTree = "<group>";
		};
		63A71E391AF4AA030016CE58 /* Products */ = {
			isa = PBXGroup;
			children = (
				63A71E381AF4AA030016CE58 /* Homework.app */,
				63A71E4D1AF4AA030016CE58 /* HomeworkTests.xctest */,
			);
			name = Products;
			sourceTree = "<group>";
		};
		63A71E3A1AF4AA030016CE58 /* Homework */ = {
			isa = PBXGroup;
			children = (
				63A71E3D1AF4AA030016CE58 /* AppDelegate.swift */,
				63A71E3F1AF4AA030016CE58 /* ViewController.swift */,
				63A71E411AF4AA030016CE58 /* Main.storyboard */,
				63A71E441AF4AA030016CE58 /* Images.xcassets */,
				63A71E461AF4AA030016CE58 /* LaunchScreen.xib */,
				63A71E3B1AF4AA030016CE58 /* Supporting Files */,
			);
			path = Homework;
			sourceTree = "<group>";
		};
		63A71E3B1AF4AA030016CE58 /* Supporting Files */ = {
			isa = PBXGroup;
			children = (
				63A71E3C1AF4AA030016CE58 /* Info.plist */,
			);
			name = "Supporting Files";
			sourceTree = "<group>";
		};
		63A71E501AF4AA030016CE58 /* HomeworkTests */ = {
			isa = PBXGroup;
			children = (
				63A71E531AF4AA030016CE58 /* HomeworkTests.swift */,
				63A71E511AF4AA030016CE58 /* Supporting Files */,
			);
			path = HomeworkTests;
			sourceTree = "<group>";
		};
		63A71E511AF4AA030016CE58 /* Supporting Files */ = {
			isa = PBXGroup;
			children = (
				63A71E521AF4AA030016CE58 /* Info.plist */,
			);
			name = "Supporting Files";
			sourceTree = "<group>";
		};
/* End PBXGroup section */

/* Begin PBXNativeTarget section */
		63A71E371AF4AA030016CE58 /* Homework */ = {
			isa = PBXNativeTarget;
			buildConfigurationList = 63A71E571AF4AA030016CE58 /* Build configuration list for PBXNativeTarget "Homework" */;
			buildPhases = (
				63A71E341AF4AA030016CE58 /* Sources */,
				63A71E351AF4AA030016CE58 /* Frameworks */,
				63A71E361AF4AA030016CE58 /* Resources */,
			);
			buildRules = (
			);
			dependencies = (
			);
			name = Homework;
			productName = Homework;
			productReference = 63A71E381AF4AA030016CE58 /* Homework.app */;
			productType = "com.apple.product-type.application";
		};
		63A71E4C1AF4AA030016CE58 /* HomeworkTests */ = {
			isa = PBXNativeTarget;
			buildConfigurationList = 63A71E5A1AF4AA030016CE58 /* Build configuration list for PBXNativeTarget "HomeworkTests" */;
			buildPhases = (
				63A71E491AF4AA030016CE58 /* Sources */,
				63A71E4A1AF4AA030016CE58 /* Frameworks */,
				63A71E4B1AF4AA030016CE58 /* Resources */,
			);
			buildRules = (
			);
			dependencies = (
				63A71E4F1AF4AA030016CE58 /* PBXTargetDependency */,
			);
			name = HomeworkTests;
			productName = HomeworkTests;
			productReference = 63A71E4D1AF4AA030016CE58 /* HomeworkTests.xctest */;
			productType = "com.apple.product-type.bundle.unit-test";
		};
/* End PBXNativeTarget section */

/* Begin PBXProject section */
		63A71E301AF4AA030016CE58 /* Project object */ = {
			isa = PBXProject;
			attributes = {
				LastUpgradeCheck = 0630;
				ORGANIZATIONNAME = "Hiromi TANIGUCHI";
				TargetAttributes = {
					63A71E371AF4AA030016CE58 = {
						CreatedOnToolsVersion = 6.3;
					};
					63A71E4C1AF4AA030016CE58 = {
						CreatedOnToolsVersion = 6.3;
						TestTargetID = 63A71E371AF4AA030016CE58;
					};
				};
			};
			buildConfigurationList = 63A71E331AF4AA030016CE58 /* Build configuration list for PBXProject "Homework" */;
			compatibilityVersion = "Xcode 3.2";
			developmentRegion = English;
			hasScannedForEncodings = 0;
			knownRegions = (
				en,
				Base,
			);
			mainGroup = 63A71E2F1AF4AA030016CE58;
			productRefGroup = 63A71E391AF4AA030016CE58 /* Products */;
			projectDirPath = "";
			projectRoot = "";
			targets = (
				63A71E371AF4AA030016CE58 /* Homework */,
				63A71E4C1AF4AA030016CE58 /* HomeworkTests */,
			);
		};
/* End PBXProject section */

/* Begin PBXResourcesBuildPhase section */
		63A71E361AF4AA030016CE58 /* Resources */ = {
			isa = PBXResourcesBuildPhase;
			buildActionMask = 2147483647;
			files = (
				63A71E431AF4AA030016CE58 /* Main.storyboard in Resources */,
				63A71E481AF4AA030016CE58 /* LaunchScreen.xib in Resources */,
				63A71E451AF4AA030016CE58 /* Images.xcassets in Resources */,
			);
			runOnlyForDeploymentPostprocessing = 0;
		};
		63A71E4B1AF4AA030016CE58 /* Resources */ = {
			isa = PBXResourcesBuildPhase;
			buildActionMask = 2147483647;
			files = (
			);
			runOnlyForDeploymentPostprocessing = 0;
		};
/* End PBXResourcesBuildPhase section */

/* Begin PBXSourcesBuildPhase section */
		63A71E341AF4AA030016CE58 /* Sources */ = {
			isa = PBXSourcesBuildPhase;
			buildActionMask = 2147483647;
			files = (
				63A71E401AF4AA030016CE58 /* ViewController.swift in Sources */,
				63A71E3E1AF4AA030016CE58 /* AppDelegate.swift in Sources */,
			);
			runOnlyForDeploymentPostprocessing = 0;
		};
		63A71E491AF4AA030016CE58 /* Sources */ = {
			isa = PBXSourcesBuildPhase;
			buildActionMask = 2147483647;
			files = (
				63A71E541AF4AA030016CE58 /* HomeworkTests.swift in Sources */,
			);
			runOnlyForDeploymentPostprocessing = 0;
		};
/* End PBXSourcesBuildPhase section */

/* Begin PBXTargetDependency section */
		63A71E4F1AF4AA030016CE58 /* PBXTargetDependency */ = {
			isa = PBXTargetDependency;
			target = 63A71E371AF4AA030016CE58 /* Homework */;
			targetProxy = 63A71E4E1AF4AA030016CE58 /* PBXContainerItemProxy */;
		};
/* End PBXTargetDependency section */

/* Begin PBXVariantGroup section */
		63A71E411AF4AA030016CE58 /* Main.storyboard */ = {
			isa = PBXVariantGroup;
			children = (
				63A71E421AF4AA030016CE58 /* Base */,
			);
			name = Main.storyboard;
			sourceTree = "<group>";
		};
		63A71E461AF4AA030016CE58 /* LaunchScreen.xib */ = {
			isa = PBXVariantGroup;
			children = (
				63A71E471AF4AA030016CE58 /* Base */,
			);
			name = LaunchScreen.xib;
			sourceTree = "<group>";
		};
/* End PBXVariantGroup section */

/* Begin XCBuildConfiguration section */
		63A71E551AF4AA030016CE58 /* Debug */ = {
			isa = XCBuildConfiguration;
			buildSettings = {
				ALWAYS_SEARCH_USER_PATHS = NO;
				CLANG_CXX_LANGUAGE_STANDARD = "gnu++0x";
				CLANG_CXX_LIBRARY = "libc++";
				CLANG_ENABLE_MODULES = YES;
				CLANG_ENABLE_OBJC_ARC = YES;
				CLANG_WARN_BOOL_CONVERSION = YES;
				CLANG_WARN_CONSTANT_CONVERSION = YES;
				CLANG_WARN_DIRECT_OBJC_ISA_USAGE = YES_ERROR;
				CLANG_WARN_EMPTY_BODY = YES;
				CLANG_WARN_ENUM_CONVERSION = YES;
				CLANG_WARN_INT_CONVERSION = YES;
				CLANG_WARN_OBJC_ROOT_CLASS = YES_ERROR;
				CLANG_WARN_UNREACHABLE_CODE = YES;
				CLANG_WARN__DUPLICATE_METHOD_MATCH = YES;
				"CODE_SIGN_IDENTITY[sdk=iphoneos*]" = "iPhone Developer";
				COPY_PHASE_STRIP = NO;
				DEBUG_INFORMATION_FORMAT = "dwarf-with-dsym";
				ENABLE_STRICT_OBJC_MSGSEND = YES;
				GCC_C_LANGUAGE_STANDARD = gnu99;
				GCC_DYNAMIC_NO_PIC = NO;
				GCC_NO_COMMON_BLOCKS = YES;
				GCC_OPTIMIZATION_LEVEL = 0;
				GCC_PREPROCESSOR_DEFINITIONS = (
					"DEBUG=1",
					"$(inherited)",
				);
				GCC_SYMBOLS_PRIVATE_EXTERN = NO;
				GCC_WARN_64_TO_32_BIT_CONVERSION = YES;
				GCC_WARN_ABOUT_RETURN_TYPE = YES_ERROR;
				GCC_WARN_UNDECLARED_SELECTOR = YES;
				GCC_WARN_UNINITIALIZED_AUTOS = YES_AGGRESSIVE;
				GCC_WARN_UNUSED_FUNCTION = YES;
				GCC_WARN_UNUSED_VARIABLE = YES;
				IPHONEOS_DEPLOYMENT_TARGET = 8.3;
				MTL_ENABLE_DEBUG_INFO = YES;
				ONLY_ACTIVE_ARCH = YES;
				SDKROOT = iphoneos;
				SWIFT_OPTIMIZATION_LEVEL = "-Onone";
				TARGETED_DEVICE_FAMILY = "1,2";
			};
			name = Debug;
		};
		63A71E561AF4AA030016CE58 /* Release */ = {
			isa = XCBuildConfiguration;
			buildSettings = {
				ALWAYS_SEARCH_USER_PATHS = NO;
				CLANG_CXX_LANGUAGE_STANDARD = "gnu++0x";
				CLANG_CXX_LIBRARY = "libc++";
				CLANG_ENABLE_MODULES = YES;
				CLANG_ENABLE_OBJC_ARC = YES;
				CLANG_WARN_BOOL_CONVERSION = YES;
				CLANG_WARN_CONSTANT_CONVERSION = YES;
				CLANG_WARN_DIRECT_OBJC_ISA_USAGE = YES_ERROR;
				CLANG_WARN_EMPTY_BODY = YES;
				CLANG_WARN_ENUM_CONVERSION = YES;
				CLANG_WARN_INT_CONVERSION = YES;
				CLANG_WARN_OBJC_ROOT_CLASS = YES_ERROR;
				CLANG_WARN_UNREACHABLE_CODE = YES;
				CLANG_WARN__DUPLICATE_METHOD_MATCH = YES;
				"CODE_SIGN_IDENTITY[sdk=iphoneos*]" = "iPhone Developer";
				COPY_PHASE_STRIP = NO;
				DEBUG_INFORMATION_FORMAT = "dwarf-with-dsym";
				ENABLE_NS_ASSERTIONS = NO;
				ENABLE_STRICT_OBJC_MSGSEND = YES;
				GCC_C_LANGUAGE_STANDARD = gnu99;
				GCC_NO_COMMON_BLOCKS = YES;
				GCC_WARN_64_TO_32_BIT_CONVERSION = YES;
				GCC_WARN_ABOUT_RETURN_TYPE = YES_ERROR;
				GCC_WARN_UNDECLARED_SELECTOR = YES;
				GCC_WARN_UNINITIALIZED_AUTOS = YES_AGGRESSIVE;
				GCC_WARN_UNUSED_FUNCTION = YES;
				GCC_WARN_UNUSED_VARIABLE = YES;
				IPHONEOS_DEPLOYMENT_TARGET = 8.3;
				MTL_ENABLE_DEBUG_INFO = NO;
				SDKROOT = iphoneos;
				TARGETED_DEVICE_FAMILY = "1,2";
				VALIDATE_PRODUCT = YES;
			};
			name = Release;
		};
		63A71E581AF4AA030016CE58 /* Debug */ = {
			isa = XCBuildConfiguration;
			buildSettings = {
				ASSETCATALOG_COMPILER_APPICON_NAME = AppIcon;
				INFOPLIST_FILE = Homework/Info.plist;
				LD_RUNPATH_SEARCH_PATHS = "$(inherited) @executable_path/Frameworks";
				PRODUCT_NAME = "$(TARGET_NAME)";
			};
			name = Debug;
		};
		63A71E591AF4AA030016CE58 /* Release */ = {
			isa = XCBuildConfiguration;
			buildSettings = {
				ASSETCATALOG_COMPILER_APPICON_NAME = AppIcon;
				INFOPLIST_FILE = Homework/Info.plist;
				LD_RUNPATH_SEARCH_PATHS = "$(inherited) @executable_path/Frameworks";
				PRODUCT_NAME = "$(TARGET_NAME)";
			};
			name = Release;
		};
		63A71E5B1AF4AA030016CE58 /* Debug */ = {
			isa = XCBuildConfiguration;
			buildSettings = {
				BUNDLE_LOADER = "$(TEST_HOST)";
				FRAMEWORK_SEARCH_PATHS = (
					"$(SDKROOT)/Developer/Library/Frameworks",
					"$(inherited)",
				);
				GCC_PREPROCESSOR_DEFINITIONS = (
					"DEBUG=1",
					"$(inherited)",
				);
				INFOPLIST_FILE = HomeworkTests/Info.plist;
				LD_RUNPATH_SEARCH_PATHS = "$(inherited) @executable_path/Frameworks @loader_path/Frameworks";
				PRODUCT_NAME = "$(TARGET_NAME)";
				TEST_HOST = "$(BUILT_PRODUCTS_DIR)/Homework.app/Homework";
			};
			name = Debug;
		};
		63A71E5C1AF4AA030016CE58 /* Release */ = {
			isa = XCBuildConfiguration;
			buildSettings = {
				BUNDLE_LOADER = "$(TEST_HOST)";
				FRAMEWORK_SEARCH_PATHS = (
					"$(SDKROOT)/Developer/Library/Frameworks",
					"$(inherited)",
				);
				INFOPLIST_FILE = HomeworkTests/Info.plist;
				LD_RUNPATH_SEARCH_PATHS = "$(inherited) @executable_path/Frameworks @loader_path/Frameworks";
				PRODUCT_NAME = "$(TARGET_NAME)";
				TEST_HOST = "$(BUILT_PRODUCTS_DIR)/Homework.app/Homework";
			};
			name = Release;
		};
/* End XCBuildConfiguration section */

/* Begin XCConfigurationList section */
		63A71E331AF4AA030016CE58 /* Build configuration list for PBXProject "Homework" */ = {
			isa = XCConfigurationList;
			buildConfigurations = (
				63A71E551AF4AA030016CE58 /* Debug */,
				63A71E561AF4AA030016CE58 /* Release */,
			);
			defaultConfigurationIsVisible = 0;
			defaultConfigurationName = Release;
		};
		63A71E571AF4AA030016CE58 /* Build configuration list for PBXNativeTarget "Homework" */ = {
			isa = XCConfigurationList;
			buildConfigurations = (
				63A71E581AF4AA030016CE58 /* Debug */,
				63A71E591AF4AA030016CE58 /* Release */,
			);
			defaultConfigurationIsVisible = 0;
		};
		63A71E5A1AF4AA030016CE58 /* Build configuration list for PBXNativeTarget "HomeworkTests" */ = {
			isa = XCConfigurationList;
			buildConfigurations = (
				63A71E5B1AF4AA030016CE58 /* Debug */,
				63A71E5C1AF4AA030016CE58 /* Release */,
			);
			defaultConfigurationIsVisible = 0;
		};
/* End XCConfigurationList section */
	};
	rootObject = 63A71E301AF4AA030016CE58 /* Project object */;
}
